
Microsoft Visual Studio Solution File, Format Version 12.00
# Visual Studio Version 16
VisualStudioVersion = 25.0.1705.0
MinimumVisualStudioVersion = 10.0.40219.1
Project("{FAE04EC0-301F-11D3-BF4B-00C04F79EFBC}") = "MagicVilla_VillaAPI", "MagicVilla_VillaAPI.csproj", "{36F6190A-9E70-4BB8-9D2A-0491342D5569}"
EndProject
Global
	GlobalSection(SolutionConfigurationPlatforms) = preSolution
		Debug|Any CPU = Debug|Any CPU
		Release|Any CPU = Release|Any CPU
	EndGlobalSection
	GlobalSection(ProjectConfigurationPlatforms) = postSolution
		{36F6190A-9E70-4BB8-9D2A-0491342D5569}.Debug|Any CPU.ActiveCfg = Debug|Any CPU
		{36F6190A-9E70-4BB8-9D2A-0491342D5569}.Debug|Any CPU.Build.0 = Debug|Any CPU
		{36F6190A-9E70-4BB8-9D2A-0491342D5569}.Release|Any CPU.ActiveCfg = Release|Any CPU
		{36F6190A-9E70-4BB8-9D2A-0491342D5569}.Release|Any CPU.Build.0 = Release|Any CPU
	EndGlobalSection
	GlobalSection(SolutionProperties) = preSolution
		HideSolutionNode = FALSE
	EndGlobalSection
	GlobalSection(ExtensibilityGlobals) = postSolution
		SolutionGuid = {1ECFE990-4852-44B7-B85C-162D76F66EAE}
	EndGlobalSection
EndGlobal
